
Microsoft Visual Studio Solution File, Format Version 12.00
# Visual Studio Version 17
VisualStudioVersion = 17.5.002.0
MinimumVisualStudioVersion = 10.0.40219.1
Project("{2150E333-8FDC-42A3-9474-1A3956D46DE8}") = "Labfiles", "Labfiles", "{A9739347-32ED-4B7A-BAF7-8FE758A5977D}"
EndProject
Project("{2150E333-8FDC-42A3-9474-1A3956D46DE8}") = "01-analyze-images", "01-analyze-images", "{FA10B503-21DE-4D37-9FA2-E29B7104DDE6}"
EndProject
Project("{2150E333-8FDC-42A3-9474-1A3956D46DE8}") = "C-Sharp", "C-Sharp", "{021A9E13-47A0-4A43-9F9C-9FE601024BCF}"
EndProject
Project("{9A19103F-16F7-4668-BE54-9A1E7A4F7556}") = "image-analysis", "Labfiles\01-analyze-images\C-Sharp\image-analysis\image-analysis.csproj", "{4C41ECEB-1842-4E49-9F1A-4AEF3D2E540C}"
EndProject
Project("{2150E333-8FDC-42A3-9474-1A3956D46DE8}") = "03-object-detection", "03-object-detection", "{ADD52375-4CE1-48B9-B76B-50A65226DDD9}"
EndProject
Project("{2150E333-8FDC-42A3-9474-1A3956D46DE8}") = "C-Sharp", "C-Sharp", "{A3C76B12-68ED-4527-B6E8-9DA0E3A0BF01}"
EndProject
Project("{9A19103F-16F7-4668-BE54-9A1E7A4F7556}") = "test-detector", "Labfiles\03-object-detection\C-Sharp\test-detector\test-detector.csproj", "{7C63ADB9-45CA-4B0C-A4FC-A29B627A3F6A}"
EndProject
Project("{9A19103F-16F7-4668-BE54-9A1E7A4F7556}") = "train-detector", "Labfiles\03-object-detection\C-Sharp\train-detector\train-detector.csproj", "{1CA261A0-A398-46C5-ADB2-26DCA68D6335}"
EndProject
Project("{2150E333-8FDC-42A3-9474-1A3956D46DE8}") = "04-face", "04-face", "{B54DFC38-D36E-486D-AE92-1D944CA5562F}"
EndProject
Project("{2150E333-8FDC-42A3-9474-1A3956D46DE8}") = "C-Sharp", "C-Sharp", "{8B09E874-F42D-41ED-BF1B-E1E64CC2F317}"
EndProject
Project("{9A19103F-16F7-4668-BE54-9A1E7A4F7556}") = "detect-people", "Labfiles\04-face\C-Sharp\computer-vision\detect-people.csproj", "{4B6C8ACF-6165-462A-9CD8-04089F62C718}"
EndProject
Project("{9A19103F-16F7-4668-BE54-9A1E7A4F7556}") = "analyze-faces", "Labfiles\04-face\C-Sharp\face-api\analyze-faces.csproj", "{ECD6E385-6350-405B-BEB5-02601A0E4B06}"
EndProject
Project("{2150E333-8FDC-42A3-9474-1A3956D46DE8}") = "05-ocr", "05-ocr", "{BE3429D6-6F2D-434B-B234-5D8A00D7C769}"
EndProject
Project("{2150E333-8FDC-42A3-9474-1A3956D46DE8}") = "C-Sharp", "C-Sharp", "{62B0C6C6-2287-40DD-B128-2FF0957D9E51}"
EndProject
Project("{9A19103F-16F7-4668-BE54-9A1E7A4F7556}") = "read-text", "Labfiles\05-ocr\C-Sharp\read-text\read-text.csproj", "{88D5AE18-927A-4D11-A8AD-621CF2821662}"
EndProject
Project("{2150E333-8FDC-42A3-9474-1A3956D46DE8}") = "07-custom-vision-image-classification", "07-custom-vision-image-classification", "{C5F5567C-1C6E-4ACE-80C4-4AA2AAE905DB}"
EndProject
Project("{2150E333-8FDC-42A3-9474-1A3956D46DE8}") = "C-Sharp", "C-Sharp", "{5DCE6072-18A8-4A02-BE98-936A87C6449F}"
EndProject
Project("{9A19103F-16F7-4668-BE54-9A1E7A4F7556}") = "test-classifier", "Labfiles\07-custom-vision-image-classification\C-Sharp\test-classifier\test-classifier.csproj", "{C285BBE1-79F0-4001-B131-20E79937695A}"
EndProject
Project("{9A19103F-16F7-4668-BE54-9A1E7A4F7556}") = "train-classifier", "Labfiles\07-custom-vision-image-classification\C-Sharp\train-classifier\train-classifier.csproj", "{D5EB5F73-F270-4C9E-A633-352FF34B9C98}"
EndProject
Global
	GlobalSection(SolutionConfigurationPlatforms) = preSolution
		Debug|Any CPU = Debug|Any CPU
		Release|Any CPU = Release|Any CPU
	EndGlobalSection
	GlobalSection(ProjectConfigurationPlatforms) = postSolution
		{4C41ECEB-1842-4E49-9F1A-4AEF3D2E540C}.Debug|Any CPU.ActiveCfg = Debug|Any CPU
		{4C41ECEB-1842-4E49-9F1A-4AEF3D2E540C}.Debug|Any CPU.Build.0 = Debug|Any CPU
		{4C41ECEB-1842-4E49-9F1A-4AEF3D2E540C}.Release|Any CPU.ActiveCfg = Release|Any CPU
		{4C41ECEB-1842-4E49-9F1A-4AEF3D2E540C}.Release|Any CPU.Build.0 = Release|Any CPU
		{7C63ADB9-45CA-4B0C-A4FC-A29B627A3F6A}.Debug|Any CPU.ActiveCfg = Debug|Any CPU
		{7C63ADB9-45CA-4B0C-A4FC-A29B627A3F6A}.Debug|Any CPU.Build.0 = Debug|Any CPU
		{7C63ADB9-45CA-4B0C-A4FC-A29B627A3F6A}.Release|Any CPU.ActiveCfg = Release|Any CPU
		{7C63ADB9-45CA-4B0C-A4FC-A29B627A3F6A}.Release|Any CPU.Build.0 = Release|Any CPU
		{1CA261A0-A398-46C5-ADB2-26DCA68D6335}.Debug|Any CPU.ActiveCfg = Debug|Any CPU
		{1CA261A0-A398-46C5-ADB2-26DCA68D6335}.Debug|Any CPU.Build.0 = Debug|Any CPU
		{1CA261A0-A398-46C5-ADB2-26DCA68D6335}.Release|Any CPU.ActiveCfg = Release|Any CPU
		{1CA261A0-A398-46C5-ADB2-26DCA68D6335}.Release|Any CPU.Build.0 = Release|Any CPU
		{4B6C8ACF-6165-462A-9CD8-04089F62C718}.Debug|Any CPU.ActiveCfg = Debug|Any CPU
		{4B6C8ACF-6165-462A-9CD8-04089F62C718}.Debug|Any CPU.Build.0 = Debug|Any CPU
		{4B6C8ACF-6165-462A-9CD8-04089F62C718}.Release|Any CPU.ActiveCfg = Release|Any CPU
		{4B6C8ACF-6165-462A-9CD8-04089F62C718}.Release|Any CPU.Build.0 = Release|Any CPU
		{ECD6E385-6350-405B-BEB5-02601A0E4B06}.Debug|Any CPU.ActiveCfg = Debug|Any CPU
		{ECD6E385-6350-405B-BEB5-02601A0E4B06}.Debug|Any CPU.Build.0 = Debug|Any CPU
		{ECD6E385-6350-405B-BEB5-02601A0E4B06}.Release|Any CPU.ActiveCfg = Release|Any CPU
		{ECD6E385-6350-405B-BEB5-02601A0E4B06}.Release|Any CPU.Build.0 = Release|Any CPU
		{88D5AE18-927A-4D11-A8AD-621CF2821662}.Debug|Any CPU.ActiveCfg = Debug|Any CPU
		{88D5AE18-927A-4D11-A8AD-621CF2821662}.Debug|Any CPU.Build.0 = Debug|Any CPU
		{88D5AE18-927A-4D11-A8AD-621CF2821662}.Release|Any CPU.ActiveCfg = Release|Any CPU
		{88D5AE18-927A-4D11-A8AD-621CF2821662}.Release|Any CPU.Build.0 = Release|Any CPU
		{C285BBE1-79F0-4001-B131-20E79937695A}.Debug|Any CPU.ActiveCfg = Debug|Any CPU
		{C285BBE1-79F0-4001-B131-20E79937695A}.Debug|Any CPU.Build.0 = Debug|Any CPU
		{C285BBE1-79F0-4001-B131-20E79937695A}.Release|Any CPU.ActiveCfg = Release|Any CPU
		{C285BBE1-79F0-4001-B131-20E79937695A}.Release|Any CPU.Build.0 = Release|Any CPU
		{D5EB5F73-F270-4C9E-A633-352FF34B9C98}.Debug|Any CPU.ActiveCfg = Debug|Any CPU
		{D5EB5F73-F270-4C9E-A633-352FF34B9C98}.Debug|Any CPU.Build.0 = Debug|Any CPU
		{D5EB5F73-F270-4C9E-A633-352FF34B9C98}.Release|Any CPU.ActiveCfg = Release|Any CPU
		{D5EB5F73-F270-4C9E-A633-352FF34B9C98}.Release|Any CPU.Build.0 = Release|Any CPU
	EndGlobalSection
	GlobalSection(SolutionProperties) = preSolution
		HideSolutionNode = FALSE
	EndGlobalSection
	GlobalSection(NestedProjects) = preSolution
		{FA10B503-21DE-4D37-9FA2-E29B7104DDE6} = {A9739347-32ED-4B7A-BAF7-8FE758A5977D}
		{021A9E13-47A0-4A43-9F9C-9FE601024BCF} = {FA10B503-21DE-4D37-9FA2-E29B7104DDE6}
		{4C41ECEB-1842-4E49-9F1A-4AEF3D2E540C} = {021A9E13-47A0-4A43-9F9C-9FE601024BCF}
		{ADD52375-4CE1-48B9-B76B-50A65226DDD9} = {A9739347-32ED-4B7A-BAF7-8FE758A5977D}
		{A3C76B12-68ED-4527-B6E8-9DA0E3A0BF01} = {ADD52375-4CE1-48B9-B76B-50A65226DDD9}
		{7C63ADB9-45CA-4B0C-A4FC-A29B627A3F6A} = {A3C76B12-68ED-4527-B6E8-9DA0E3A0BF01}
		{1CA261A0-A398-46C5-ADB2-26DCA68D6335} = {A3C76B12-68ED-4527-B6E8-9DA0E3A0BF01}
		{B54DFC38-D36E-486D-AE92-1D944CA5562F} = {A9739347-32ED-4B7A-BAF7-8FE758A5977D}
		{8B09E874-F42D-41ED-BF1B-E1E64CC2F317} = {B54DFC38-D36E-486D-AE92-1D944CA5562F}
		{4B6C8ACF-6165-462A-9CD8-04089F62C718} = {8B09E874-F42D-41ED-BF1B-E1E64CC2F317}
		{ECD6E385-6350-405B-BEB5-02601A0E4B06} = {8B09E874-F42D-41ED-BF1B-E1E64CC2F317}
		{BE3429D6-6F2D-434B-B234-5D8A00D7C769} = {A9739347-32ED-4B7A-BAF7-8FE758A5977D}
		{62B0C6C6-2287-40DD-B128-2FF0957D9E51} = {BE3429D6-6F2D-434B-B234-5D8A00D7C769}
		{88D5AE18-927A-4D11-A8AD-621CF2821662} = {62B0C6C6-2287-40DD-B128-2FF0957D9E51}
		{C5F5567C-1C6E-4ACE-80C4-4AA2AAE905DB} = {A9739347-32ED-4B7A-BAF7-8FE758A5977D}
		{5DCE6072-18A8-4A02-BE98-936A87C6449F} = {C5F5567C-1C6E-4ACE-80C4-4AA2AAE905DB}
		{C285BBE1-79F0-4001-B131-20E79937695A} = {5DCE6072-18A8-4A02-BE98-936A87C6449F}
		{D5EB5F73-F270-4C9E-A633-352FF34B9C98} = {5DCE6072-18A8-4A02-BE98-936A87C6449F}
	EndGlobalSection
	GlobalSection(ExtensibilityGlobals) = postSolution
		SolutionGuid = {65307649-AF51-4706-8474-574506A435EA}
	EndGlobalSection
EndGlobal
